// !$*UTF8*$!
{
	archiveVersion = 1;
	classes = {
	};
	objectVersion = 54;
	objects = {

/* Begin PBXBuildFile section */
		0C80B921A6F3F58F76C31292 /* libPods-RelatedDigitalTestClient.a in Frameworks */ = {isa = PBXBuildFile; fileRef = 5DCACB8F33CDC322A6C60F78 /* libPods-RelatedDigitalTestClient.a */; };
		13B07FBC1A68108700A75B9A /* AppDelegate.mm in Sources */ = {isa = PBXBuildFile; fileRef = 13B07FB01A68108700A75B9A /* AppDelegate.mm */; };
		13B07FBF1A68108700A75B9A /* Images.xcassets in Resources */ = {isa = PBXBuildFile; fileRef = 13B07FB51A68108700A75B9A /* Images.xcassets */; };
		13B07FC11A68108700A75B9A /* main.m in Sources */ = {isa = PBXBuildFile; fileRef = 13B07FB71A68108700A75B9A /* main.m */; };
		81AB9BB82411601600AC10FF /* LaunchScreen.storyboard in Resources */ = {isa = PBXBuildFile; fileRef = 81AB9BB72411601600AC10FF /* LaunchScreen.storyboard */; };
		8B02E9C429EDAC25008EFDF8 /* BannerCollectionViewCell.xib in Resources */ = {isa = PBXBuildFile; fileRef = 8B02E9C229EDAC25008EFDF8 /* BannerCollectionViewCell.xib */; };
		8B02E9C529EDAC25008EFDF8 /* BannerView.xib in Resources */ = {isa = PBXBuildFile; fileRef = 8B02E9C329EDAC25008EFDF8 /* BannerView.xib */; };
		8B284AC62A73532400C63796 /* FontAwesome.ttf in Resources */ = {isa = PBXBuildFile; fileRef = 8B9E27CE2A73360E0038A92B /* FontAwesome.ttf */; };
		8B8BC81928CA5B42001383FC /* Empty.swift in Sources */ = {isa = PBXBuildFile; fileRef = 8B8BC81828CA5B42001383FC /* Empty.swift */; };
		8B8BC81C28CA5C71001383FC /* VisilabsFullNotificationViewController.xib in Resources */ = {isa = PBXBuildFile; fileRef = 8B8BC81A28CA5C71001383FC /* VisilabsFullNotificationViewController.xib */; };
		8B8BC81D28CA5C71001383FC /* VisilabsMiniNotificationViewController.xib in Resources */ = {isa = PBXBuildFile; fileRef = 8B8BC81B28CA5C71001383FC /* VisilabsMiniNotificationViewController.xib */; };
		8B8BC81F28CA5C8E001383FC /* sideBarView.xib in Resources */ = {isa = PBXBuildFile; fileRef = 8B8BC81E28CA5C8E001383FC /* sideBarView.xib */; };
		8B8BC82828CA5CC7001383FC /* NotificationService.m in Sources */ = {isa = PBXBuildFile; fileRef = 8B8BC82728CA5CC7001383FC /* NotificationService.m */; };
		8B8BC82C28CA5CC7001383FC /* RelatedDigitalNotificationService.appex in Embed App Extensions */ = {isa = PBXBuildFile; fileRef = 8B8BC82428CA5CC7001383FC /* RelatedDigitalNotificationService.appex */; settings = {ATTRIBUTES = (RemoveHeadersOnCopy, ); }; };
		8B8BC83328CA5D55001383FC /* Empty.swift in Sources */ = {isa = PBXBuildFile; fileRef = 8B8BC83228CA5D55001383FC /* Empty.swift */; };
		8B8BC83A28CA5D9F001383FC /* UserNotifications.framework in Frameworks */ = {isa = PBXBuildFile; fileRef = 8B8BC83928CA5D9F001383FC /* UserNotifications.framework */; };
		8B8BC83C28CA5D9F001383FC /* UserNotificationsUI.framework in Frameworks */ = {isa = PBXBuildFile; fileRef = 8B8BC83B28CA5D9F001383FC /* UserNotificationsUI.framework */; };
		8B8BC84728CA5D9F001383FC /* RelatedDigitalNotificationContent.appex in Embed App Extensions */ = {isa = PBXBuildFile; fileRef = 8B8BC83828CA5D9F001383FC /* RelatedDigitalNotificationContent.appex */; settings = {ATTRIBUTES = (RemoveHeadersOnCopy, ); }; };
		8B8BC84D28CA5DC5001383FC /* EMNotificationViewController.swift in Sources */ = {isa = PBXBuildFile; fileRef = 8B8BC84C28CA5DC5001383FC /* EMNotificationViewController.swift */; };
		8B8BC85028CA5E09001383FC /* EMNotificationCarousel.xib in Resources */ = {isa = PBXBuildFile; fileRef = 8B8BC84E28CA5E09001383FC /* EMNotificationCarousel.xib */; };
		8B8BC85128CA5E09001383FC /* CarouselCell.xib in Resources */ = {isa = PBXBuildFile; fileRef = 8B8BC84F28CA5E09001383FC /* CarouselCell.xib */; };
		8B8BC85328CA6057001383FC /* timerView.xib in Resources */ = {isa = PBXBuildFile; fileRef = 8B8BC85228CA6057001383FC /* timerView.xib */; };
		917CA3E24EA64989F4B8E0BB /* libPods-RelatedDigitalNotificationContent.a in Frameworks */ = {isa = PBXBuildFile; fileRef = C82218222BE6793E4D73EEE5 /* libPods-RelatedDigitalNotificationContent.a */; };
		C8A6B8539E5D4485251EBEB1 /* libPods-RelatedDigitalNotificationService.a in Frameworks */ = {isa = PBXBuildFile; fileRef = C8B97799F893100A7C9630EF /* libPods-RelatedDigitalNotificationService.a */; };
/* End PBXBuildFile section */

/* Begin PBXContainerItemProxy section */
		8B8BC82A28CA5CC7001383FC /* PBXContainerItemProxy */ = {
			isa = PBXContainerItemProxy;
			containerPortal = 83CBB9F71A601CBA00E9B192 /* Project object */;
			proxyType = 1;
			remoteGlobalIDString = 8B8BC82328CA5CC7001383FC;
			remoteInfo = RelatedDigitalNotificationService;
		};
		8B8BC84528CA5D9F001383FC /* PBXContainerItemProxy */ = {
			isa = PBXContainerItemProxy;
			containerPortal = 83CBB9F71A601CBA00E9B192 /* Project object */;
			proxyType = 1;
			remoteGlobalIDString = 8B8BC83728CA5D9F001383FC;
			remoteInfo = RelatedDigitalNotificationContent;
		};
/* End PBXContainerItemProxy section */

/* Begin PBXCopyFilesBuildPhase section */
		8B8BC83028CA5CC7001383FC /* Embed App Extensions */ = {
			isa = PBXCopyFilesBuildPhase;
			buildActionMask = 2147483647;
			dstPath = "";
			dstSubfolderSpec = 13;
			files = (
				8B8BC84728CA5D9F001383FC /* RelatedDigitalNotificationContent.appex in Embed App Extensions */,
				8B8BC82C28CA5CC7001383FC /* RelatedDigitalNotificationService.appex in Embed App Extensions */,
			);
			name = "Embed App Extensions";
			runOnlyForDeploymentPostprocessing = 0;
		};
/* End PBXCopyFilesBuildPhase section */

/* Begin PBXFileReference section */
		13B07F961A680F5B00A75B9A /* RelatedDigitalTestClient.app */ = {isa = PBXFileReference; explicitFileType = wrapper.application; includeInIndex = 0; path = RelatedDigitalTestClient.app; sourceTree = BUILT_PRODUCTS_DIR; };
		13B07FAF1A68108700A75B9A /* AppDelegate.h */ = {isa = PBXFileReference; fileEncoding = 4; lastKnownFileType = sourcecode.c.h; name = AppDelegate.h; path = RelatedDigitalTestClient/AppDelegate.h; sourceTree = "<group>"; };
		13B07FB01A68108700A75B9A /* AppDelegate.mm */ = {isa = PBXFileReference; fileEncoding = 4; lastKnownFileType = sourcecode.cpp.objcpp; name = AppDelegate.mm; path = RelatedDigitalTestClient/AppDelegate.mm; sourceTree = "<group>"; };
		13B07FB51A68108700A75B9A /* Images.xcassets */ = {isa = PBXFileReference; lastKnownFileType = folder.assetcatalog; name = Images.xcassets; path = RelatedDigitalTestClient/Images.xcassets; sourceTree = "<group>"; };
		13B07FB61A68108700A75B9A /* Info.plist */ = {isa = PBXFileReference; fileEncoding = 4; lastKnownFileType = text.plist.xml; name = Info.plist; path = RelatedDigitalTestClient/Info.plist; sourceTree = "<group>"; };
		13B07FB71A68108700A75B9A /* main.m */ = {isa = PBXFileReference; fileEncoding = 4; lastKnownFileType = sourcecode.c.objc; name = main.m; path = RelatedDigitalTestClient/main.m; sourceTree = "<group>"; };
		19E983F59FE54B8434236F10 /* Pods-RelatedDigitalNotificationService.release.xcconfig */ = {isa = PBXFileReference; includeInIndex = 1; lastKnownFileType = text.xcconfig; name = "Pods-RelatedDigitalNotificationService.release.xcconfig"; path = "Target Support Files/Pods-RelatedDigitalNotificationService/Pods-RelatedDigitalNotificationService.release.xcconfig"; sourceTree = "<group>"; };
		19F6CBCC0A4E27FBF8BF4A61 /* libPods-RelatedDigitalTestClient-RelatedDigitalTestClientTests.a */ = {isa = PBXFileReference; explicitFileType = archive.ar; includeInIndex = 0; path = "libPods-RelatedDigitalTestClient-RelatedDigitalTestClientTests.a"; sourceTree = BUILT_PRODUCTS_DIR; };
		358BE77F760961F35AB7E364 /* Pods-RelatedDigitalNotificationService.debug.xcconfig */ = {isa = PBXFileReference; includeInIndex = 1; lastKnownFileType = text.xcconfig; name = "Pods-RelatedDigitalNotificationService.debug.xcconfig"; path = "Target Support Files/Pods-RelatedDigitalNotificationService/Pods-RelatedDigitalNotificationService.debug.xcconfig"; sourceTree = "<group>"; };
		3B4392A12AC88292D35C810B /* Pods-RelatedDigitalTestClient.debug.xcconfig */ = {isa = PBXFileReference; includeInIndex = 1; lastKnownFileType = text.xcconfig; name = "Pods-RelatedDigitalTestClient.debug.xcconfig"; path = "Target Support Files/Pods-RelatedDigitalTestClient/Pods-RelatedDigitalTestClient.debug.xcconfig"; sourceTree = "<group>"; };
		5709B34CF0A7D63546082F79 /* Pods-RelatedDigitalTestClient.release.xcconfig */ = {isa = PBXFileReference; includeInIndex = 1; lastKnownFileType = text.xcconfig; name = "Pods-RelatedDigitalTestClient.release.xcconfig"; path = "Target Support Files/Pods-RelatedDigitalTestClient/Pods-RelatedDigitalTestClient.release.xcconfig"; sourceTree = "<group>"; };
		5DCACB8F33CDC322A6C60F78 /* libPods-RelatedDigitalTestClient.a */ = {isa = PBXFileReference; explicitFileType = archive.ar; includeInIndex = 0; path = "libPods-RelatedDigitalTestClient.a"; sourceTree = BUILT_PRODUCTS_DIR; };
		67CD20BB19D537FC7DA9FF37 /* Pods-RelatedDigitalNotificationContent.debug.xcconfig */ = {isa = PBXFileReference; includeInIndex = 1; lastKnownFileType = text.xcconfig; name = "Pods-RelatedDigitalNotificationContent.debug.xcconfig"; path = "Target Support Files/Pods-RelatedDigitalNotificationContent/Pods-RelatedDigitalNotificationContent.debug.xcconfig"; sourceTree = "<group>"; };
		6B5B94F35396FF22641BC001 /* Pods-RelatedDigitalNotificationContent.release.xcconfig */ = {isa = PBXFileReference; includeInIndex = 1; lastKnownFileType = text.xcconfig; name = "Pods-RelatedDigitalNotificationContent.release.xcconfig"; path = "Target Support Files/Pods-RelatedDigitalNotificationContent/Pods-RelatedDigitalNotificationContent.release.xcconfig"; sourceTree = "<group>"; };
		81AB9BB72411601600AC10FF /* LaunchScreen.storyboard */ = {isa = PBXFileReference; fileEncoding = 4; lastKnownFileType = file.storyboard; name = LaunchScreen.storyboard; path = RelatedDigitalTestClient/LaunchScreen.storyboard; sourceTree = "<group>"; };
		8B02E9C229EDAC25008EFDF8 /* BannerCollectionViewCell.xib */ = {isa = PBXFileReference; lastKnownFileType = file.xib; name = BannerCollectionViewCell.xib; path = Pods/VisilabsIOS/Sources/TargetingAction/InAppNotification/BannerView/BannerCollectionViewCell.xib; sourceTree = "<group>"; };
		8B02E9C329EDAC25008EFDF8 /* BannerView.xib */ = {isa = PBXFileReference; lastKnownFileType = file.xib; name = BannerView.xib; path = Pods/VisilabsIOS/Sources/TargetingAction/InAppNotification/BannerView/BannerView.xib; sourceTree = "<group>"; };
		8B8BC81628CA5AD5001383FC /* RelatedDigitalTestClient.entitlements */ = {isa = PBXFileReference; lastKnownFileType = text.plist.entitlements; name = RelatedDigitalTestClient.entitlements; path = RelatedDigitalTestClient/RelatedDigitalTestClient.entitlements; sourceTree = "<group>"; };
		8B8BC81728CA5B42001383FC /* RelatedDigitalTestClient-Bridging-Header.h */ = {isa = PBXFileReference; lastKnownFileType = sourcecode.c.h; path = "RelatedDigitalTestClient-Bridging-Header.h"; sourceTree = "<group>"; };
		8B8BC81828CA5B42001383FC /* Empty.swift */ = {isa = PBXFileReference; lastKnownFileType = sourcecode.swift; path = Empty.swift; sourceTree = "<group>"; };
		8B8BC81A28CA5C71001383FC /* VisilabsFullNotificationViewController.xib */ = {isa = PBXFileReference; lastKnownFileType = file.xib; name = VisilabsFullNotificationViewController.xib; path = Pods/VisilabsIOS/Sources/TargetingAction/InAppNotification/Views/VisilabsFullNotificationViewController.xib; sourceTree = "<group>"; };
		8B8BC81B28CA5C71001383FC /* VisilabsMiniNotificationViewController.xib */ = {isa = PBXFileReference; lastKnownFileType = file.xib; name = VisilabsMiniNotificationViewController.xib; path = Pods/VisilabsIOS/Sources/TargetingAction/InAppNotification/Views/VisilabsMiniNotificationViewController.xib; sourceTree = "<group>"; };
		8B8BC81E28CA5C8E001383FC /* sideBarView.xib */ = {isa = PBXFileReference; lastKnownFileType = file.xib; name = sideBarView.xib; path = Pods/VisilabsIOS/Sources/TargetingAction/sideBar/sideBarView.xib; sourceTree = "<group>"; };
		8B8BC82428CA5CC7001383FC /* RelatedDigitalNotificationService.appex */ = {isa = PBXFileReference; explicitFileType = "wrapper.app-extension"; includeInIndex = 0; path = RelatedDigitalNotificationService.appex; sourceTree = BUILT_PRODUCTS_DIR; };
		8B8BC82628CA5CC7001383FC /* NotificationService.h */ = {isa = PBXFileReference; lastKnownFileType = sourcecode.c.h; path = NotificationService.h; sourceTree = "<group>"; };
		8B8BC82728CA5CC7001383FC /* NotificationService.m */ = {isa = PBXFileReference; lastKnownFileType = sourcecode.c.objc; path = NotificationService.m; sourceTree = "<group>"; };
		8B8BC82928CA5CC7001383FC /* Info.plist */ = {isa = PBXFileReference; lastKnownFileType = text.plist.xml; path = Info.plist; sourceTree = "<group>"; };
		8B8BC83128CA5D54001383FC /* RelatedDigitalNotificationService-Bridging-Header.h */ = {isa = PBXFileReference; lastKnownFileType = sourcecode.c.h; path = "RelatedDigitalNotificationService-Bridging-Header.h"; sourceTree = "<group>"; };
		8B8BC83228CA5D55001383FC /* Empty.swift */ = {isa = PBXFileReference; lastKnownFileType = sourcecode.swift; path = Empty.swift; sourceTree = "<group>"; };
		8B8BC83828CA5D9F001383FC /* RelatedDigitalNotificationContent.appex */ = {isa = PBXFileReference; explicitFileType = "wrapper.app-extension"; includeInIndex = 0; path = RelatedDigitalNotificationContent.appex; sourceTree = BUILT_PRODUCTS_DIR; };
		8B8BC83928CA5D9F001383FC /* UserNotifications.framework */ = {isa = PBXFileReference; lastKnownFileType = wrapper.framework; name = UserNotifications.framework; path = System/Library/Frameworks/UserNotifications.framework; sourceTree = SDKROOT; };
		8B8BC83B28CA5D9F001383FC /* UserNotificationsUI.framework */ = {isa = PBXFileReference; lastKnownFileType = wrapper.framework; name = UserNotificationsUI.framework; path = System/Library/Frameworks/UserNotificationsUI.framework; sourceTree = SDKROOT; };
		8B8BC84428CA5D9F001383FC /* Info.plist */ = {isa = PBXFileReference; lastKnownFileType = text.plist.xml; path = Info.plist; sourceTree = "<group>"; };
		8B8BC84B28CA5DC4001383FC /* RelatedDigitalNotificationContent-Bridging-Header.h */ = {isa = PBXFileReference; lastKnownFileType = sourcecode.c.h; path = "RelatedDigitalNotificationContent-Bridging-Header.h"; sourceTree = "<group>"; };
		8B8BC84C28CA5DC5001383FC /* EMNotificationViewController.swift */ = {isa = PBXFileReference; lastKnownFileType = sourcecode.swift; path = EMNotificationViewController.swift; sourceTree = "<group>"; };
		8B8BC84E28CA5E09001383FC /* EMNotificationCarousel.xib */ = {isa = PBXFileReference; lastKnownFileType = file.xib; name = EMNotificationCarousel.xib; path = Pods/Euromsg/Sources/Euromsg/Classes/EMNotificationCarousel/EMNotificationCarousel.xib; sourceTree = "<group>"; };
		8B8BC84F28CA5E09001383FC /* CarouselCell.xib */ = {isa = PBXFileReference; lastKnownFileType = file.xib; name = CarouselCell.xib; path = Pods/Euromsg/Sources/Euromsg/Classes/EMNotificationCarousel/CarouselCell.xib; sourceTree = "<group>"; };
		8B8BC85228CA6057001383FC /* timerView.xib */ = {isa = PBXFileReference; lastKnownFileType = file.xib; name = timerView.xib; path = Pods/VisilabsIOS/Sources/TargetingAction/Story/Views/timerView/timerView.xib; sourceTree = "<group>"; };
		8B9E27CE2A73360E0038A92B /* FontAwesome.ttf */ = {isa = PBXFileReference; lastKnownFileType = file; path = FontAwesome.ttf; sourceTree = "<group>"; };
		8BD83B332A30D00B00DBABD9 /* RelatedDigitalNotificationService.entitlements */ = {isa = PBXFileReference; lastKnownFileType = text.plist.entitlements; path = RelatedDigitalNotificationService.entitlements; sourceTree = "<group>"; };
		8BD83B342A30D04200DBABD9 /* RelatedDigitalNotificationContent.entitlements */ = {isa = PBXFileReference; lastKnownFileType = text.plist.entitlements; path = RelatedDigitalNotificationContent.entitlements; sourceTree = "<group>"; };
		C82218222BE6793E4D73EEE5 /* libPods-RelatedDigitalNotificationContent.a */ = {isa = PBXFileReference; explicitFileType = archive.ar; includeInIndex = 0; path = "libPods-RelatedDigitalNotificationContent.a"; sourceTree = BUILT_PRODUCTS_DIR; };
		C8B97799F893100A7C9630EF /* libPods-RelatedDigitalNotificationService.a */ = {isa = PBXFileReference; explicitFileType = archive.ar; includeInIndex = 0; path = "libPods-RelatedDigitalNotificationService.a"; sourceTree = BUILT_PRODUCTS_DIR; };
		ED297162215061F000B7C4FE /* JavaScriptCore.framework */ = {isa = PBXFileReference; lastKnownFileType = wrapper.framework; name = JavaScriptCore.framework; path = System/Library/Frameworks/JavaScriptCore.framework; sourceTree = SDKROOT; };
/* End PBXFileReference section */

/* Begin PBXFrameworksBuildPhase section */
		13B07F8C1A680F5B00A75B9A /* Frameworks */ = {
			isa = PBXFrameworksBuildPhase;
			buildActionMask = 2147483647;
			files = (
				0C80B921A6F3F58F76C31292 /* libPods-RelatedDigitalTestClient.a in Frameworks */,
			);
			runOnlyForDeploymentPostprocessing = 0;
		};
		8B8BC82128CA5CC7001383FC /* Frameworks */ = {
			isa = PBXFrameworksBuildPhase;
			buildActionMask = 2147483647;
			files = (
				C8A6B8539E5D4485251EBEB1 /* libPods-RelatedDigitalNotificationService.a in Frameworks */,
			);
			runOnlyForDeploymentPostprocessing = 0;
		};
		8B8BC83528CA5D9F001383FC /* Frameworks */ = {
			isa = PBXFrameworksBuildPhase;
			buildActionMask = 2147483647;
			files = (
				8B8BC83C28CA5D9F001383FC /* UserNotificationsUI.framework in Frameworks */,
				8B8BC83A28CA5D9F001383FC /* UserNotifications.framework in Frameworks */,
				917CA3E24EA64989F4B8E0BB /* libPods-RelatedDigitalNotificationContent.a in Frameworks */,
			);
			runOnlyForDeploymentPostprocessing = 0;
		};
/* End PBXFrameworksBuildPhase section */

/* Begin PBXGroup section */
		13B07FAE1A68108700A75B9A /* RelatedDigitalTestClient */ = {
			isa = PBXGroup;
			children = (
				8B8BC81628CA5AD5001383FC /* RelatedDigitalTestClient.entitlements */,
				13B07FAF1A68108700A75B9A /* AppDelegate.h */,
				13B07FB01A68108700A75B9A /* AppDelegate.mm */,
				13B07FB51A68108700A75B9A /* Images.xcassets */,
				13B07FB61A68108700A75B9A /* Info.plist */,
				81AB9BB72411601600AC10FF /* LaunchScreen.storyboard */,
				13B07FB71A68108700A75B9A /* main.m */,
				8B8BC81828CA5B42001383FC /* Empty.swift */,
				8B8BC81728CA5B42001383FC /* RelatedDigitalTestClient-Bridging-Header.h */,
			);
			name = RelatedDigitalTestClient;
			sourceTree = "<group>";
		};
		2D16E6871FA4F8E400B85C8A /* Frameworks */ = {
			isa = PBXGroup;
			children = (
				ED297162215061F000B7C4FE /* JavaScriptCore.framework */,
				5DCACB8F33CDC322A6C60F78 /* libPods-RelatedDigitalTestClient.a */,
				19F6CBCC0A4E27FBF8BF4A61 /* libPods-RelatedDigitalTestClient-RelatedDigitalTestClientTests.a */,
				C8B97799F893100A7C9630EF /* libPods-RelatedDigitalNotificationService.a */,
				8B8BC83928CA5D9F001383FC /* UserNotifications.framework */,
				8B8BC83B28CA5D9F001383FC /* UserNotificationsUI.framework */,
				C82218222BE6793E4D73EEE5 /* libPods-RelatedDigitalNotificationContent.a */,
			);
			name = Frameworks;
			sourceTree = "<group>";
		};
		832341AE1AAA6A7D00B99B32 /* Libraries */ = {
			isa = PBXGroup;
			children = (
			);
			name = Libraries;
			sourceTree = "<group>";
		};
		83CBB9F61A601CBA00E9B192 = {
			isa = PBXGroup;
			children = (
				8B284AC52A73529800C63796 /* Fonts */,
				8B02E9C229EDAC25008EFDF8 /* BannerCollectionViewCell.xib */,
				8B02E9C329EDAC25008EFDF8 /* BannerView.xib */,
				8B8BC85228CA6057001383FC /* timerView.xib */,
				8B8BC84F28CA5E09001383FC /* CarouselCell.xib */,
				8B8BC84E28CA5E09001383FC /* EMNotificationCarousel.xib */,
				8B8BC81E28CA5C8E001383FC /* sideBarView.xib */,
				8B8BC81A28CA5C71001383FC /* VisilabsFullNotificationViewController.xib */,
				8B8BC81B28CA5C71001383FC /* VisilabsMiniNotificationViewController.xib */,
				13B07FAE1A68108700A75B9A /* RelatedDigitalTestClient */,
				832341AE1AAA6A7D00B99B32 /* Libraries */,
				8B8BC82528CA5CC7001383FC /* RelatedDigitalNotificationService */,
				8B8BC83D28CA5D9F001383FC /* RelatedDigitalNotificationContent */,
				83CBBA001A601CBA00E9B192 /* Products */,
				2D16E6871FA4F8E400B85C8A /* Frameworks */,
				BBD78D7AC51CEA395F1C20DB /* Pods */,
			);
			indentWidth = 2;
			sourceTree = "<group>";
			tabWidth = 2;
			usesTabs = 0;
		};
		83CBBA001A601CBA00E9B192 /* Products */ = {
			isa = PBXGroup;
			children = (
				13B07F961A680F5B00A75B9A /* RelatedDigitalTestClient.app */,
				8B8BC82428CA5CC7001383FC /* RelatedDigitalNotificationService.appex */,
				8B8BC83828CA5D9F001383FC /* RelatedDigitalNotificationContent.appex */,
			);
			name = Products;
			sourceTree = "<group>";
		};
		8B284AC52A73529800C63796 /* Fonts */ = {
			isa = PBXGroup;
			children = (
				8B9E27CE2A73360E0038A92B /* FontAwesome.ttf */,
			);
			path = Fonts;
			sourceTree = "<group>";
		};
		8B8BC82528CA5CC7001383FC /* RelatedDigitalNotificationService */ = {
			isa = PBXGroup;
			children = (
				8BD83B332A30D00B00DBABD9 /* RelatedDigitalNotificationService.entitlements */,
				8B8BC82628CA5CC7001383FC /* NotificationService.h */,
				8B8BC82728CA5CC7001383FC /* NotificationService.m */,
				8B8BC82928CA5CC7001383FC /* Info.plist */,
				8B8BC83228CA5D55001383FC /* Empty.swift */,
				8B8BC83128CA5D54001383FC /* RelatedDigitalNotificationService-Bridging-Header.h */,
			);
			path = RelatedDigitalNotificationService;
			sourceTree = "<group>";
		};
		8B8BC83D28CA5D9F001383FC /* RelatedDigitalNotificationContent */ = {
			isa = PBXGroup;
			children = (
				8BD83B342A30D04200DBABD9 /* RelatedDigitalNotificationContent.entitlements */,
				8B8BC84428CA5D9F001383FC /* Info.plist */,
				8B8BC84C28CA5DC5001383FC /* EMNotificationViewController.swift */,
				8B8BC84B28CA5DC4001383FC /* RelatedDigitalNotificationContent-Bridging-Header.h */,
			);
			path = RelatedDigitalNotificationContent;
			sourceTree = "<group>";
		};
		BBD78D7AC51CEA395F1C20DB /* Pods */ = {
			isa = PBXGroup;
			children = (
				3B4392A12AC88292D35C810B /* Pods-RelatedDigitalTestClient.debug.xcconfig */,
				5709B34CF0A7D63546082F79 /* Pods-RelatedDigitalTestClient.release.xcconfig */,
				358BE77F760961F35AB7E364 /* Pods-RelatedDigitalNotificationService.debug.xcconfig */,
				19E983F59FE54B8434236F10 /* Pods-RelatedDigitalNotificationService.release.xcconfig */,
				67CD20BB19D537FC7DA9FF37 /* Pods-RelatedDigitalNotificationContent.debug.xcconfig */,
				6B5B94F35396FF22641BC001 /* Pods-RelatedDigitalNotificationContent.release.xcconfig */,
			);
			path = Pods;
			sourceTree = "<group>";
		};
/* End PBXGroup section */

/* Begin PBXNativeTarget section */
		13B07F861A680F5B00A75B9A /* RelatedDigitalTestClient */ = {
			isa = PBXNativeTarget;
			buildConfigurationList = 13B07F931A680F5B00A75B9A /* Build configuration list for PBXNativeTarget "RelatedDigitalTestClient" */;
			buildPhases = (
				C38B50BA6285516D6DCD4F65 /* [CP] Check Pods Manifest.lock */,
				FD10A7F022414F080027D42C /* Start Packager */,
				13B07F871A680F5B00A75B9A /* Sources */,
				13B07F8C1A680F5B00A75B9A /* Frameworks */,
				13B07F8E1A680F5B00A75B9A /* Resources */,
				00DD1BFF1BD5951E006B06BC /* Bundle React Native code and images */,
				00EEFC60759A1932668264C0 /* [CP] Embed Pods Frameworks */,
				E235C05ADACE081382539298 /* [CP] Copy Pods Resources */,
				8B8BC83028CA5CC7001383FC /* Embed App Extensions */,
			);
			buildRules = (
			);
			dependencies = (
				8B8BC82B28CA5CC7001383FC /* PBXTargetDependency */,
				8B8BC84628CA5D9F001383FC /* PBXTargetDependency */,
			);
			name = RelatedDigitalTestClient;
			productName = RelatedDigitalTestClient;
			productReference = 13B07F961A680F5B00A75B9A /* RelatedDigitalTestClient.app */;
			productType = "com.apple.product-type.application";
		};
		8B8BC82328CA5CC7001383FC /* RelatedDigitalNotificationService */ = {
			isa = PBXNativeTarget;
			buildConfigurationList = 8B8BC82D28CA5CC7001383FC /* Build configuration list for PBXNativeTarget "RelatedDigitalNotificationService" */;
			buildPhases = (
				E13D2868969ADF7A1030DF9C /* [CP] Check Pods Manifest.lock */,
				8B8BC82028CA5CC7001383FC /* Sources */,
				8B8BC82128CA5CC7001383FC /* Frameworks */,
				8B8BC82228CA5CC7001383FC /* Resources */,
				E52DCA9CE5F2FA44E41A9563 /* [CP] Copy Pods Resources */,
			);
			buildRules = (
			);
			dependencies = (
			);
			name = RelatedDigitalNotificationService;
			productName = RelatedDigitalNotificationService;
			productReference = 8B8BC82428CA5CC7001383FC /* RelatedDigitalNotificationService.appex */;
			productType = "com.apple.product-type.app-extension";
		};
		8B8BC83728CA5D9F001383FC /* RelatedDigitalNotificationContent */ = {
			isa = PBXNativeTarget;
			buildConfigurationList = 8B8BC84A28CA5DA0001383FC /* Build configuration list for PBXNativeTarget "RelatedDigitalNotificationContent" */;
			buildPhases = (
				754D0C15A4B1AD3FB1C1BB06 /* [CP] Check Pods Manifest.lock */,
				8B8BC83428CA5D9F001383FC /* Sources */,
				8B8BC83528CA5D9F001383FC /* Frameworks */,
				8B8BC83628CA5D9F001383FC /* Resources */,
				46D52E6473ED2DDAA13DDE0C /* [CP] Copy Pods Resources */,
			);
			buildRules = (
			);
			dependencies = (
			);
			name = RelatedDigitalNotificationContent;
			productName = RelatedDigitalNotificationContent;
			productReference = 8B8BC83828CA5D9F001383FC /* RelatedDigitalNotificationContent.appex */;
			productType = "com.apple.product-type.app-extension";
		};
/* End PBXNativeTarget section */

/* Begin PBXProject section */
		83CBB9F71A601CBA00E9B192 /* Project object */ = {
			isa = PBXProject;
			attributes = {
				LastUpgradeCheck = 1210;
				TargetAttributes = {
					13B07F861A680F5B00A75B9A = {
						LastSwiftMigration = 1340;
					};
					8B8BC82328CA5CC7001383FC = {
						CreatedOnToolsVersion = 13.4;
						LastSwiftMigration = 1340;
					};
					8B8BC83728CA5D9F001383FC = {
						CreatedOnToolsVersion = 13.4;
						LastSwiftMigration = 1340;
					};
				};
			};
			buildConfigurationList = 83CBB9FA1A601CBA00E9B192 /* Build configuration list for PBXProject "RelatedDigitalTestClient" */;
			compatibilityVersion = "Xcode 12.0";
			developmentRegion = en;
			hasScannedForEncodings = 0;
			knownRegions = (
				en,
				Base,
			);
			mainGroup = 83CBB9F61A601CBA00E9B192;
			productRefGroup = 83CBBA001A601CBA00E9B192 /* Products */;
			projectDirPath = "";
			projectRoot = "";
			targets = (
				13B07F861A680F5B00A75B9A /* RelatedDigitalTestClient */,
				8B8BC82328CA5CC7001383FC /* RelatedDigitalNotificationService */,
				8B8BC83728CA5D9F001383FC /* RelatedDigitalNotificationContent */,
			);
		};
/* End PBXProject section */

/* Begin PBXResourcesBuildPhase section */
		13B07F8E1A680F5B00A75B9A /* Resources */ = {
			isa = PBXResourcesBuildPhase;
			buildActionMask = 2147483647;
			files = (
				8B284AC62A73532400C63796 /* FontAwesome.ttf in Resources */,
				8B02E9C429EDAC25008EFDF8 /* BannerCollectionViewCell.xib in Resources */,
				8B02E9C529EDAC25008EFDF8 /* BannerView.xib in Resources */,
				8B8BC85328CA6057001383FC /* timerView.xib in Resources */,
				8B8BC81F28CA5C8E001383FC /* sideBarView.xib in Resources */,
				8B8BC81C28CA5C71001383FC /* VisilabsFullNotificationViewController.xib in Resources */,
				8B8BC81D28CA5C71001383FC /* VisilabsMiniNotificationViewController.xib in Resources */,
				81AB9BB82411601600AC10FF /* LaunchScreen.storyboard in Resources */,
				13B07FBF1A68108700A75B9A /* Images.xcassets in Resources */,
			);
			runOnlyForDeploymentPostprocessing = 0;
		};
		8B8BC82228CA5CC7001383FC /* Resources */ = {
			isa = PBXResourcesBuildPhase;
			buildActionMask = 2147483647;
			files = (
			);
			runOnlyForDeploymentPostprocessing = 0;
		};
		8B8BC83628CA5D9F001383FC /* Resources */ = {
			isa = PBXResourcesBuildPhase;
			buildActionMask = 2147483647;
			files = (
				8B8BC85028CA5E09001383FC /* EMNotificationCarousel.xib in Resources */,
				8B8BC85128CA5E09001383FC /* CarouselCell.xib in Resources */,
			);
			runOnlyForDeploymentPostprocessing = 0;
		};
/* End PBXResourcesBuildPhase section */

/* Begin PBXShellScriptBuildPhase section */
		00DD1BFF1BD5951E006B06BC /* Bundle React Native code and images */ = {
			isa = PBXShellScriptBuildPhase;
			buildActionMask = 2147483647;
			files = (
			);
			inputPaths = (
				"$(SRCROOT)/.xcode.env.local",
				"$(SRCROOT)/.xcode.env",
			);
			name = "Bundle React Native code and images";
			outputPaths = (
			);
			runOnlyForDeploymentPostprocessing = 0;
			shellPath = /bin/sh;
			shellScript = "set -e\n\nWITH_ENVIRONMENT=\"../node_modules/react-native/scripts/xcode/with-environment.sh\"\nREACT_NATIVE_XCODE=\"../node_modules/react-native/scripts/react-native-xcode.sh\"\n\n/bin/sh -c \"$WITH_ENVIRONMENT $REACT_NATIVE_XCODE\"\n";
		};
		00EEFC60759A1932668264C0 /* [CP] Embed Pods Frameworks */ = {
			isa = PBXShellScriptBuildPhase;
			buildActionMask = 2147483647;
			files = (
			);
			inputFileListPaths = (
				"${PODS_ROOT}/Target Support Files/Pods-RelatedDigitalTestClient/Pods-RelatedDigitalTestClient-frameworks-${CONFIGURATION}-input-files.xcfilelist",
			);
			name = "[CP] Embed Pods Frameworks";
			outputFileListPaths = (
				"${PODS_ROOT}/Target Support Files/Pods-RelatedDigitalTestClient/Pods-RelatedDigitalTestClient-frameworks-${CONFIGURATION}-output-files.xcfilelist",
			);
			runOnlyForDeploymentPostprocessing = 0;
			shellPath = /bin/sh;
			shellScript = "\"${PODS_ROOT}/Target Support Files/Pods-RelatedDigitalTestClient/Pods-RelatedDigitalTestClient-frameworks.sh\"\n";
			showEnvVarsInLog = 0;
		};
		46D52E6473ED2DDAA13DDE0C /* [CP] Copy Pods Resources */ = {
			isa = PBXShellScriptBuildPhase;
			buildActionMask = 2147483647;
			files = (
			);
			inputFileListPaths = (
				"${PODS_ROOT}/Target Support Files/Pods-RelatedDigitalNotificationContent/Pods-RelatedDigitalNotificationContent-resources-${CONFIGURATION}-input-files.xcfilelist",
			);
			name = "[CP] Copy Pods Resources";
			outputFileListPaths = (
				"${PODS_ROOT}/Target Support Files/Pods-RelatedDigitalNotificationContent/Pods-RelatedDigitalNotificationContent-resources-${CONFIGURATION}-output-files.xcfilelist",
			);
			runOnlyForDeploymentPostprocessing = 0;
			shellPath = /bin/sh;
			shellScript = "\"${PODS_ROOT}/Target Support Files/Pods-RelatedDigitalNotificationContent/Pods-RelatedDigitalNotificationContent-resources.sh\"\n";
			showEnvVarsInLog = 0;
		};
		754D0C15A4B1AD3FB1C1BB06 /* [CP] Check Pods Manifest.lock */ = {
			isa = PBXShellScriptBuildPhase;
			buildActionMask = 2147483647;
			files = (
			);
			inputFileListPaths = (
			);
			inputPaths = (
				"${PODS_PODFILE_DIR_PATH}/Podfile.lock",
				"${PODS_ROOT}/Manifest.lock",
			);
			name = "[CP] Check Pods Manifest.lock";
			outputFileListPaths = (
			);
			outputPaths = (
				"$(DERIVED_FILE_DIR)/Pods-RelatedDigitalNotificationContent-checkManifestLockResult.txt",
			);
			runOnlyForDeploymentPostprocessing = 0;
			shellPath = /bin/sh;
			shellScript = "diff \"${PODS_PODFILE_DIR_PATH}/Podfile.lock\" \"${PODS_ROOT}/Manifest.lock\" > /dev/null\nif [ $? != 0 ] ; then\n    # print error to STDERR\n    echo \"error: The sandbox is not in sync with the Podfile.lock. Run 'pod install' or update your CocoaPods installation.\" >&2\n    exit 1\nfi\n# This output is used by Xcode 'outputs' to avoid re-running this script phase.\necho \"SUCCESS\" > \"${SCRIPT_OUTPUT_FILE_0}\"\n";
			showEnvVarsInLog = 0;
		};
		C38B50BA6285516D6DCD4F65 /* [CP] Check Pods Manifest.lock */ = {
			isa = PBXShellScriptBuildPhase;
			buildActionMask = 2147483647;
			files = (
			);
			inputFileListPaths = (
			);
			inputPaths = (
				"${PODS_PODFILE_DIR_PATH}/Podfile.lock",
				"${PODS_ROOT}/Manifest.lock",
			);
			name = "[CP] Check Pods Manifest.lock";
			outputFileListPaths = (
			);
			outputPaths = (
				"$(DERIVED_FILE_DIR)/Pods-RelatedDigitalTestClient-checkManifestLockResult.txt",
			);
			runOnlyForDeploymentPostprocessing = 0;
			shellPath = /bin/sh;
			shellScript = "diff \"${PODS_PODFILE_DIR_PATH}/Podfile.lock\" \"${PODS_ROOT}/Manifest.lock\" > /dev/null\nif [ $? != 0 ] ; then\n    # print error to STDERR\n    echo \"error: The sandbox is not in sync with the Podfile.lock. Run 'pod install' or update your CocoaPods installation.\" >&2\n    exit 1\nfi\n# This output is used by Xcode 'outputs' to avoid re-running this script phase.\necho \"SUCCESS\" > \"${SCRIPT_OUTPUT_FILE_0}\"\n";
			showEnvVarsInLog = 0;
		};
		E13D2868969ADF7A1030DF9C /* [CP] Check Pods Manifest.lock */ = {
			isa = PBXShellScriptBuildPhase;
			buildActionMask = 2147483647;
			files = (
			);
			inputFileListPaths = (
			);
			inputPaths = (
				"${PODS_PODFILE_DIR_PATH}/Podfile.lock",
				"${PODS_ROOT}/Manifest.lock",
			);
			name = "[CP] Check Pods Manifest.lock";
			outputFileListPaths = (
			);
			outputPaths = (
				"$(DERIVED_FILE_DIR)/Pods-RelatedDigitalNotificationService-checkManifestLockResult.txt",
			);
			runOnlyForDeploymentPostprocessing = 0;
			shellPath = /bin/sh;
			shellScript = "diff \"${PODS_PODFILE_DIR_PATH}/Podfile.lock\" \"${PODS_ROOT}/Manifest.lock\" > /dev/null\nif [ $? != 0 ] ; then\n    # print error to STDERR\n    echo \"error: The sandbox is not in sync with the Podfile.lock. Run 'pod install' or update your CocoaPods installation.\" >&2\n    exit 1\nfi\n# This output is used by Xcode 'outputs' to avoid re-running this script phase.\necho \"SUCCESS\" > \"${SCRIPT_OUTPUT_FILE_0}\"\n";
			showEnvVarsInLog = 0;
		};
		E235C05ADACE081382539298 /* [CP] Copy Pods Resources */ = {
			isa = PBXShellScriptBuildPhase;
			buildActionMask = 2147483647;
			files = (
			);
			inputFileListPaths = (
				"${PODS_ROOT}/Target Support Files/Pods-RelatedDigitalTestClient/Pods-RelatedDigitalTestClient-resources-${CONFIGURATION}-input-files.xcfilelist",
			);
			name = "[CP] Copy Pods Resources";
			outputFileListPaths = (
				"${PODS_ROOT}/Target Support Files/Pods-RelatedDigitalTestClient/Pods-RelatedDigitalTestClient-resources-${CONFIGURATION}-output-files.xcfilelist",
			);
			runOnlyForDeploymentPostprocessing = 0;
			shellPath = /bin/sh;
			shellScript = "\"${PODS_ROOT}/Target Support Files/Pods-RelatedDigitalTestClient/Pods-RelatedDigitalTestClient-resources.sh\"\n";
			showEnvVarsInLog = 0;
		};
		E52DCA9CE5F2FA44E41A9563 /* [CP] Copy Pods Resources */ = {
			isa = PBXShellScriptBuildPhase;
			buildActionMask = 2147483647;
			files = (
			);
			inputFileListPaths = (
				"${PODS_ROOT}/Target Support Files/Pods-RelatedDigitalNotificationService/Pods-RelatedDigitalNotificationService-resources-${CONFIGURATION}-input-files.xcfilelist",
			);
			name = "[CP] Copy Pods Resources";
			outputFileListPaths = (
				"${PODS_ROOT}/Target Support Files/Pods-RelatedDigitalNotificationService/Pods-RelatedDigitalNotificationService-resources-${CONFIGURATION}-output-files.xcfilelist",
			);
			runOnlyForDeploymentPostprocessing = 0;
			shellPath = /bin/sh;
			shellScript = "\"${PODS_ROOT}/Target Support Files/Pods-RelatedDigitalNotificationService/Pods-RelatedDigitalNotificationService-resources.sh\"\n";
			showEnvVarsInLog = 0;
		};
		FD10A7F022414F080027D42C /* Start Packager */ = {
			isa = PBXShellScriptBuildPhase;
			buildActionMask = 2147483647;
			files = (
			);
			inputFileListPaths = (
			);
			inputPaths = (
			);
			name = "Start Packager";
			outputFileListPaths = (
			);
			outputPaths = (
			);
			runOnlyForDeploymentPostprocessing = 0;
			shellPath = /bin/sh;
			shellScript = "export RCT_METRO_PORT=\"${RCT_METRO_PORT:=8081}\"\necho \"export RCT_METRO_PORT=${RCT_METRO_PORT}\" > \"${SRCROOT}/../node_modules/react-native/scripts/.packager.env\"\nif [ -z \"${RCT_NO_LAUNCH_PACKAGER+xxx}\" ] ; then\n  if nc -w 5 -z localhost ${RCT_METRO_PORT} ; then\n    if ! curl -s \"http://localhost:${RCT_METRO_PORT}/status\" | grep -q \"packager-status:running\" ; then\n      echo \"Port ${RCT_METRO_PORT} already in use, packager is either not running or not running correctly\"\n      exit 2\n    fi\n  else\n    open \"$SRCROOT/../node_modules/react-native/scripts/launchPackager.command\" || echo \"Can't start packager automatically\"\n  fi\nfi\n";
			showEnvVarsInLog = 0;
		};
/* End PBXShellScriptBuildPhase section */

/* Begin PBXSourcesBuildPhase section */
		13B07F871A680F5B00A75B9A /* Sources */ = {
			isa = PBXSourcesBuildPhase;
			buildActionMask = 2147483647;
			files = (
				13B07FBC1A68108700A75B9A /* AppDelegate.mm in Sources */,
				13B07FC11A68108700A75B9A /* main.m in Sources */,
				8B8BC81928CA5B42001383FC /* Empty.swift in Sources */,
			);
			runOnlyForDeploymentPostprocessing = 0;
		};
		8B8BC82028CA5CC7001383FC /* Sources */ = {
			isa = PBXSourcesBuildPhase;
			buildActionMask = 2147483647;
			files = (
				8B8BC82828CA5CC7001383FC /* NotificationService.m in Sources */,
				8B8BC83328CA5D55001383FC /* Empty.swift in Sources */,
			);
			runOnlyForDeploymentPostprocessing = 0;
		};
		8B8BC83428CA5D9F001383FC /* Sources */ = {
			isa = PBXSourcesBuildPhase;
			buildActionMask = 2147483647;
			files = (
				8B8BC84D28CA5DC5001383FC /* EMNotificationViewController.swift in Sources */,
			);
			runOnlyForDeploymentPostprocessing = 0;
		};
/* End PBXSourcesBuildPhase section */

/* Begin PBXTargetDependency section */
		8B8BC82B28CA5CC7001383FC /* PBXTargetDependency */ = {
			isa = PBXTargetDependency;
			target = 8B8BC82328CA5CC7001383FC /* RelatedDigitalNotificationService */;
			targetProxy = 8B8BC82A28CA5CC7001383FC /* PBXContainerItemProxy */;
		};
		8B8BC84628CA5D9F001383FC /* PBXTargetDependency */ = {
			isa = PBXTargetDependency;
			target = 8B8BC83728CA5D9F001383FC /* RelatedDigitalNotificationContent */;
			targetProxy = 8B8BC84528CA5D9F001383FC /* PBXContainerItemProxy */;
		};
/* End PBXTargetDependency section */

/* Begin XCBuildConfiguration section */
		13B07F941A680F5B00A75B9A /* Debug */ = {
			isa = XCBuildConfiguration;
			baseConfigurationReference = 3B4392A12AC88292D35C810B /* Pods-RelatedDigitalTestClient.debug.xcconfig */;
			buildSettings = {
				ALWAYS_EMBED_SWIFT_STANDARD_LIBRARIES = YES;
				ASSETCATALOG_COMPILER_APPICON_NAME = AppIcon;
				CLANG_ENABLE_MODULES = YES;
				CODE_SIGN_ENTITLEMENTS = RelatedDigitalTestClient/RelatedDigitalTestClient.entitlements;
				CURRENT_PROJECT_VERSION = 1;
				DEVELOPMENT_TEAM = 5M383PCDJZ;
				ENABLE_BITCODE = NO;
				HEADER_SEARCH_PATHS = (
					"$(inherited)",
					"\"${PODS_ROOT}/Headers/Public\"",
					"\"${PODS_ROOT}/Headers/Public/CocoaAsyncSocket\"",
					"\"${PODS_ROOT}/Headers/Public/DoubleConversion\"",
					"\"${PODS_ROOT}/Headers/Public/Euromsg\"",
					"\"${PODS_ROOT}/Headers/Public/FBLazyVector\"",
					"\"${PODS_ROOT}/Headers/Public/Flipper\"",
					"\"${PODS_ROOT}/Headers/Public/Flipper-Fmt\"",
					"\"${PODS_ROOT}/Headers/Public/Flipper-Folly\"",
					"\"${PODS_ROOT}/Headers/Public/Flipper-PeerTalk\"",
					"\"${PODS_ROOT}/Headers/Public/Flipper-RSocket\"",
					"\"${PODS_ROOT}/Headers/Public/FlipperKit\"",
					"\"${PODS_ROOT}/Headers/Public/RCT-Folly\"",
					"\"${PODS_ROOT}/Headers/Public/RCTRequired\"",
					"\"${PODS_ROOT}/Headers/Public/RCTTypeSafety\"",
					"\"${PODS_ROOT}/Headers/Public/RNCAsyncStorage\"",
					"\"${PODS_ROOT}/Headers/Public/React-Codegen\"",
					"\"${PODS_ROOT}/Headers/Public/React-Core\"",
					"\"${PODS_ROOT}/Headers/Public/React-RCTAnimation\"",
					"\"${PODS_ROOT}/Headers/Public/React-RCTBlob\"",
					"\"${PODS_ROOT}/Headers/Public/React-RCTText\"",
					"\"${PODS_ROOT}/Headers/Public/React-bridging\"",
					"\"${PODS_ROOT}/Headers/Public/React-callinvoker\"",
					"\"${PODS_ROOT}/Headers/Public/React-cxxreact\"",
					"\"${PODS_ROOT}/Headers/Public/React-jsi\"",
					"\"${PODS_ROOT}/Headers/Public/React-jsiexecutor\"",
					"\"${PODS_ROOT}/Headers/Public/React-jsinspector\"",
					"\"${PODS_ROOT}/Headers/Public/React-logger\"",
					"\"${PODS_ROOT}/Headers/Public/React-perflogger\"",
					"\"${PODS_ROOT}/Headers/Public/React-runtimeexecutor\"",
					"\"${PODS_ROOT}/Headers/Public/ReactCommon\"",
					"\"${PODS_ROOT}/Headers/Public/SocketRocket\"",
					"\"${PODS_ROOT}/Headers/Public/VisilabsIOS\"",
					"\"${PODS_ROOT}/Headers/Public/Yoga\"",
					"\"${PODS_ROOT}/Headers/Public/YogaKit\"",
					"\"${PODS_ROOT}/Headers/Public/fmt\"",
					"\"${PODS_ROOT}/Headers/Public/glog\"",
					"\"${PODS_ROOT}/Headers/Public/libevent\"",
					"\"${PODS_ROOT}/Headers/Public/react-native-related-digital\"",
					"\"$(PODS_ROOT)/DoubleConversion\"",
					"\"$(PODS_ROOT)/boost\"",
					"\"$(PODS_ROOT)/Headers/Private/React-Core\"",
					"\"$(PODS_TARGET_SRCROOT)/include/\"",
				);
				INFOPLIST_FILE = RelatedDigitalTestClient/Info.plist;
				INFOPLIST_KEY_CFBundleDisplayName = "Related Digital";
				IPHONEOS_DEPLOYMENT_TARGET = 11.0;
				LD_RUNPATH_SEARCH_PATHS = (
					"$(inherited)",
					"@executable_path/Frameworks",
				);
				MARKETING_VERSION = 1.0.7;
				OTHER_LDFLAGS = (
					"$(inherited)",
					"-ObjC",
					"-lc++",
				);
				PRODUCT_BUNDLE_IDENTIFIER = "org.reactjs.native.example.$(PRODUCT_NAME:rfc1034identifier)";
				PRODUCT_NAME = RelatedDigitalTestClient;
				SWIFT_OBJC_BRIDGING_HEADER = "RelatedDigitalTestClient-Bridging-Header.h";
				SWIFT_OPTIMIZATION_LEVEL = "-Onone";
				SWIFT_VERSION = 5.0;
				VERSIONING_SYSTEM = "apple-generic";
			};
			name = Debug;
		};
		13B07F951A680F5B00A75B9A /* Release */ = {
			isa = XCBuildConfiguration;
			baseConfigurationReference = 5709B34CF0A7D63546082F79 /* Pods-RelatedDigitalTestClient.release.xcconfig */;
			buildSettings = {
				ALWAYS_EMBED_SWIFT_STANDARD_LIBRARIES = YES;
				ASSETCATALOG_COMPILER_APPICON_NAME = AppIcon;
				CLANG_ENABLE_MODULES = YES;
				CODE_SIGN_ENTITLEMENTS = RelatedDigitalTestClient/RelatedDigitalTestClient.entitlements;
				CURRENT_PROJECT_VERSION = 1;
				DEVELOPMENT_TEAM = 5M383PCDJZ;
				HEADER_SEARCH_PATHS = (
					"$(inherited)",
					"\"${PODS_ROOT}/Headers/Public\"",
					"\"${PODS_ROOT}/Headers/Public/CocoaAsyncSocket\"",
					"\"${PODS_ROOT}/Headers/Public/DoubleConversion\"",
					"\"${PODS_ROOT}/Headers/Public/Euromsg\"",
					"\"${PODS_ROOT}/Headers/Public/FBLazyVector\"",
					"\"${PODS_ROOT}/Headers/Public/Flipper\"",
					"\"${PODS_ROOT}/Headers/Public/Flipper-Fmt\"",
					"\"${PODS_ROOT}/Headers/Public/Flipper-Folly\"",
					"\"${PODS_ROOT}/Headers/Public/Flipper-PeerTalk\"",
					"\"${PODS_ROOT}/Headers/Public/Flipper-RSocket\"",
					"\"${PODS_ROOT}/Headers/Public/FlipperKit\"",
					"\"${PODS_ROOT}/Headers/Public/RCT-Folly\"",
					"\"${PODS_ROOT}/Headers/Public/RCTRequired\"",
					"\"${PODS_ROOT}/Headers/Public/RCTTypeSafety\"",
					"\"${PODS_ROOT}/Headers/Public/RNCAsyncStorage\"",
					"\"${PODS_ROOT}/Headers/Public/React-Codegen\"",
					"\"${PODS_ROOT}/Headers/Public/React-Core\"",
					"\"${PODS_ROOT}/Headers/Public/React-RCTAnimation\"",
					"\"${PODS_ROOT}/Headers/Public/React-RCTBlob\"",
					"\"${PODS_ROOT}/Headers/Public/React-RCTText\"",
					"\"${PODS_ROOT}/Headers/Public/React-bridging\"",
					"\"${PODS_ROOT}/Headers/Public/React-callinvoker\"",
					"\"${PODS_ROOT}/Headers/Public/React-cxxreact\"",
					"\"${PODS_ROOT}/Headers/Public/React-jsi\"",
					"\"${PODS_ROOT}/Headers/Public/React-jsiexecutor\"",
					"\"${PODS_ROOT}/Headers/Public/React-jsinspector\"",
					"\"${PODS_ROOT}/Headers/Public/React-logger\"",
					"\"${PODS_ROOT}/Headers/Public/React-perflogger\"",
					"\"${PODS_ROOT}/Headers/Public/React-runtimeexecutor\"",
					"\"${PODS_ROOT}/Headers/Public/ReactCommon\"",
					"\"${PODS_ROOT}/Headers/Public/SocketRocket\"",
					"\"${PODS_ROOT}/Headers/Public/VisilabsIOS\"",
					"\"${PODS_ROOT}/Headers/Public/Yoga\"",
					"\"${PODS_ROOT}/Headers/Public/YogaKit\"",
					"\"${PODS_ROOT}/Headers/Public/fmt\"",
					"\"${PODS_ROOT}/Headers/Public/glog\"",
					"\"${PODS_ROOT}/Headers/Public/libevent\"",
					"\"${PODS_ROOT}/Headers/Public/react-native-related-digital\"",
					"\"$(PODS_ROOT)/DoubleConversion\"",
					"\"$(PODS_ROOT)/boost\"",
					"\"$(PODS_ROOT)/Headers/Private/React-Core\"",
					"\"$(PODS_TARGET_SRCROOT)/include/\"",
				);
				INFOPLIST_FILE = RelatedDigitalTestClient/Info.plist;
				INFOPLIST_KEY_CFBundleDisplayName = "Related Digital";
				IPHONEOS_DEPLOYMENT_TARGET = 11.0;
				LD_RUNPATH_SEARCH_PATHS = (
					"$(inherited)",
					"@executable_path/Frameworks",
				);
				MARKETING_VERSION = 1.0.7;
				OTHER_LDFLAGS = (
					"$(inherited)",
					"-ObjC",
					"-lc++",
				);
				PRODUCT_BUNDLE_IDENTIFIER = "org.reactjs.native.example.$(PRODUCT_NAME:rfc1034identifier)";
				PRODUCT_NAME = RelatedDigitalTestClient;
				SWIFT_OBJC_BRIDGING_HEADER = "RelatedDigitalTestClient-Bridging-Header.h";
				SWIFT_VERSION = 5.0;
				VERSIONING_SYSTEM = "apple-generic";
			};
			name = Release;
		};
		83CBBA201A601CBA00E9B192 /* Debug */ = {
			isa = XCBuildConfiguration;
			buildSettings = {
				ALWAYS_SEARCH_USER_PATHS = NO;
				CLANG_ANALYZER_LOCALIZABILITY_NONLOCALIZED = YES;
				CLANG_CXX_LANGUAGE_STANDARD = "c++17";
				CLANG_CXX_LIBRARY = "libc++";
				CLANG_ENABLE_MODULES = YES;
				CLANG_ENABLE_OBJC_ARC = YES;
				CLANG_WARN_BLOCK_CAPTURE_AUTORELEASING = YES;
				CLANG_WARN_BOOL_CONVERSION = YES;
				CLANG_WARN_COMMA = YES;
				CLANG_WARN_CONSTANT_CONVERSION = YES;
				CLANG_WARN_DEPRECATED_OBJC_IMPLEMENTATIONS = YES;
				CLANG_WARN_DIRECT_OBJC_ISA_USAGE = YES_ERROR;
				CLANG_WARN_EMPTY_BODY = YES;
				CLANG_WARN_ENUM_CONVERSION = YES;
				CLANG_WARN_INFINITE_RECURSION = YES;
				CLANG_WARN_INT_CONVERSION = YES;
				CLANG_WARN_NON_LITERAL_NULL_CONVERSION = YES;
				CLANG_WARN_OBJC_IMPLICIT_RETAIN_SELF = YES;
				CLANG_WARN_OBJC_LITERAL_CONVERSION = YES;
				CLANG_WARN_OBJC_ROOT_CLASS = YES_ERROR;
				CLANG_WARN_QUOTED_INCLUDE_IN_FRAMEWORK_HEADER = YES;
				CLANG_WARN_RANGE_LOOP_ANALYSIS = YES;
				CLANG_WARN_STRICT_PROTOTYPES = YES;
				CLANG_WARN_SUSPICIOUS_MOVE = YES;
				CLANG_WARN_UNREACHABLE_CODE = YES;
				CLANG_WARN__DUPLICATE_METHOD_MATCH = YES;
				"CODE_SIGN_IDENTITY[sdk=iphoneos*]" = "iPhone Developer";
				COPY_PHASE_STRIP = NO;
				ENABLE_STRICT_OBJC_MSGSEND = YES;
				ENABLE_TESTABILITY = YES;
				"EXCLUDED_ARCHS[sdk=iphonesimulator*]" = "";
				GCC_C_LANGUAGE_STANDARD = gnu99;
				GCC_DYNAMIC_NO_PIC = NO;
				GCC_NO_COMMON_BLOCKS = YES;
				GCC_OPTIMIZATION_LEVEL = 0;
				GCC_PREPROCESSOR_DEFINITIONS = (
					"DEBUG=1",
					"$(inherited)",
				);
				GCC_SYMBOLS_PRIVATE_EXTERN = NO;
				GCC_WARN_64_TO_32_BIT_CONVERSION = YES;
				GCC_WARN_ABOUT_RETURN_TYPE = YES_ERROR;
				GCC_WARN_UNDECLARED_SELECTOR = YES;
				GCC_WARN_UNINITIALIZED_AUTOS = YES_AGGRESSIVE;
				GCC_WARN_UNUSED_FUNCTION = YES;
				GCC_WARN_UNUSED_VARIABLE = YES;
				IPHONEOS_DEPLOYMENT_TARGET = 12.4;
				LD_RUNPATH_SEARCH_PATHS = (
					/usr/lib/swift,
					"$(inherited)",
				);
				LIBRARY_SEARCH_PATHS = (
					"\"$(SDKROOT)/usr/lib/swift\"",
					"\"$(TOOLCHAIN_DIR)/usr/lib/swift/$(PLATFORM_NAME)\"",
					"\"$(inherited)\"",
				);
				MTL_ENABLE_DEBUG_INFO = YES;
				ONLY_ACTIVE_ARCH = YES;
				OTHER_CPLUSPLUSFLAGS = (
					"$(OTHER_CFLAGS)",
					"-DFOLLY_NO_CONFIG",
					"-DFOLLY_MOBILE=1",
					"-DFOLLY_USE_LIBCPP=1",
				);
				REACT_NATIVE_PATH = "${PODS_ROOT}/../../node_modules/react-native";
				SDKROOT = iphoneos;
			};
			name = Debug;
		};
		83CBBA211A601CBA00E9B192 /* Release */ = {
			isa = XCBuildConfiguration;
			buildSettings = {
				ALWAYS_SEARCH_USER_PATHS = NO;
				CLANG_ANALYZER_LOCALIZABILITY_NONLOCALIZED = YES;
				CLANG_CXX_LANGUAGE_STANDARD = "c++17";
				CLANG_CXX_LIBRARY = "libc++";
				CLANG_ENABLE_MODULES = YES;
				CLANG_ENABLE_OBJC_ARC = YES;
				CLANG_WARN_BLOCK_CAPTURE_AUTORELEASING = YES;
				CLANG_WARN_BOOL_CONVERSION = YES;
				CLANG_WARN_COMMA = YES;
				CLANG_WARN_CONSTANT_CONVERSION = YES;
				CLANG_WARN_DEPRECATED_OBJC_IMPLEMENTATIONS = YES;
				CLANG_WARN_DIRECT_OBJC_ISA_USAGE = YES_ERROR;
				CLANG_WARN_EMPTY_BODY = YES;
				CLANG_WARN_ENUM_CONVERSION = YES;
				CLANG_WARN_INFINITE_RECURSION = YES;
				CLANG_WARN_INT_CONVERSION = YES;
				CLANG_WARN_NON_LITERAL_NULL_CONVERSION = YES;
				CLANG_WARN_OBJC_IMPLICIT_RETAIN_SELF = YES;
				CLANG_WARN_OBJC_LITERAL_CONVERSION = YES;
				CLANG_WARN_OBJC_ROOT_CLASS = YES_ERROR;
				CLANG_WARN_QUOTED_INCLUDE_IN_FRAMEWORK_HEADER = YES;
				CLANG_WARN_RANGE_LOOP_ANALYSIS = YES;
				CLANG_WARN_STRICT_PROTOTYPES = YES;
				CLANG_WARN_SUSPICIOUS_MOVE = YES;
				CLANG_WARN_UNREACHABLE_CODE = YES;
				CLANG_WARN__DUPLICATE_METHOD_MATCH = YES;
				"CODE_SIGN_IDENTITY[sdk=iphoneos*]" = "iPhone Developer";
				COPY_PHASE_STRIP = YES;
				ENABLE_NS_ASSERTIONS = NO;
				ENABLE_STRICT_OBJC_MSGSEND = YES;
				"EXCLUDED_ARCHS[sdk=iphonesimulator*]" = "";
				GCC_C_LANGUAGE_STANDARD = gnu99;
				GCC_NO_COMMON_BLOCKS = YES;
				GCC_WARN_64_TO_32_BIT_CONVERSION = YES;
				GCC_WARN_ABOUT_RETURN_TYPE = YES_ERROR;
				GCC_WARN_UNDECLARED_SELECTOR = YES;
				GCC_WARN_UNINITIALIZED_AUTOS = YES_AGGRESSIVE;
				GCC_WARN_UNUSED_FUNCTION = YES;
				GCC_WARN_UNUSED_VARIABLE = YES;
				IPHONEOS_DEPLOYMENT_TARGET = 12.4;
				LD_RUNPATH_SEARCH_PATHS = (
					/usr/lib/swift,
					"$(inherited)",
				);
				LIBRARY_SEARCH_PATHS = (
					"\"$(SDKROOT)/usr/lib/swift\"",
					"\"$(TOOLCHAIN_DIR)/usr/lib/swift/$(PLATFORM_NAME)\"",
					"\"$(inherited)\"",
				);
				MTL_ENABLE_DEBUG_INFO = NO;
				OTHER_CPLUSPLUSFLAGS = (
					"$(OTHER_CFLAGS)",
					"-DFOLLY_NO_CONFIG",
					"-DFOLLY_MOBILE=1",
					"-DFOLLY_USE_LIBCPP=1",
				);
				REACT_NATIVE_PATH = "${PODS_ROOT}/../../node_modules/react-native";
				SDKROOT = iphoneos;
				VALIDATE_PRODUCT = YES;
			};
			name = Release;
		};
		8B8BC82E28CA5CC7001383FC /* Debug */ = {
			isa = XCBuildConfiguration;
			baseConfigurationReference = 358BE77F760961F35AB7E364 /* Pods-RelatedDigitalNotificationService.debug.xcconfig */;
			buildSettings = {
				CLANG_ANALYZER_NONNULL = YES;
				CLANG_ANALYZER_NUMBER_OBJECT_CONVERSION = YES_AGGRESSIVE;
				CLANG_CXX_LANGUAGE_STANDARD = "gnu++17";
				CLANG_ENABLE_MODULES = YES;
				CLANG_ENABLE_OBJC_WEAK = YES;
				CLANG_WARN_DOCUMENTATION_COMMENTS = YES;
				CLANG_WARN_UNGUARDED_AVAILABILITY = YES_AGGRESSIVE;
				CODE_SIGN_ENTITLEMENTS = RelatedDigitalNotificationService/RelatedDigitalNotificationService.entitlements;
				CODE_SIGN_STYLE = Automatic;
				CURRENT_PROJECT_VERSION = 1;
				DEBUG_INFORMATION_FORMAT = dwarf;
				DEVELOPMENT_TEAM = 5M383PCDJZ;
				GCC_C_LANGUAGE_STANDARD = gnu11;
				GENERATE_INFOPLIST_FILE = YES;
				INFOPLIST_FILE = RelatedDigitalNotificationService/Info.plist;
				INFOPLIST_KEY_CFBundleDisplayName = RelatedDigitalNotificationService;
				INFOPLIST_KEY_NSHumanReadableCopyright = "";
				IPHONEOS_DEPLOYMENT_TARGET = 12.4;
				LD_RUNPATH_SEARCH_PATHS = (
					"$(inherited)",
					"@executable_path/Frameworks",
					"@executable_path/../../Frameworks",
				);
				MARKETING_VERSION = 1.0;
				MTL_ENABLE_DEBUG_INFO = INCLUDE_SOURCE;
				MTL_FAST_MATH = YES;
				PRODUCT_BUNDLE_IDENTIFIER = org.reactjs.native.example.RelatedDigitalTestClient.RelatedDigitalNotificationService;
				PRODUCT_NAME = "$(TARGET_NAME)";
				SKIP_INSTALL = YES;
				SWIFT_EMIT_LOC_STRINGS = YES;
				SWIFT_OBJC_BRIDGING_HEADER = "RelatedDigitalNotificationService/RelatedDigitalNotificationService-Bridging-Header.h";
				SWIFT_OPTIMIZATION_LEVEL = "-Onone";
				SWIFT_VERSION = 5.0;
				TARGETED_DEVICE_FAMILY = "1,2";
			};
			name = Debug;
		};
		8B8BC82F28CA5CC7001383FC /* Release */ = {
			isa = XCBuildConfiguration;
			baseConfigurationReference = 19E983F59FE54B8434236F10 /* Pods-RelatedDigitalNotificationService.release.xcconfig */;
			buildSettings = {
				CLANG_ANALYZER_NONNULL = YES;
				CLANG_ANALYZER_NUMBER_OBJECT_CONVERSION = YES_AGGRESSIVE;
				CLANG_CXX_LANGUAGE_STANDARD = "gnu++17";
				CLANG_ENABLE_MODULES = YES;
				CLANG_ENABLE_OBJC_WEAK = YES;
				CLANG_WARN_DOCUMENTATION_COMMENTS = YES;
				CLANG_WARN_UNGUARDED_AVAILABILITY = YES_AGGRESSIVE;
				CODE_SIGN_ENTITLEMENTS = RelatedDigitalNotificationService/RelatedDigitalNotificationService.entitlements;
				CODE_SIGN_STYLE = Automatic;
				COPY_PHASE_STRIP = NO;
				CURRENT_PROJECT_VERSION = 1;
				DEBUG_INFORMATION_FORMAT = "dwarf-with-dsym";
				DEVELOPMENT_TEAM = 5M383PCDJZ;
				GCC_C_LANGUAGE_STANDARD = gnu11;
				GENERATE_INFOPLIST_FILE = YES;
				INFOPLIST_FILE = RelatedDigitalNotificationService/Info.plist;
				INFOPLIST_KEY_CFBundleDisplayName = RelatedDigitalNotificationService;
				INFOPLIST_KEY_NSHumanReadableCopyright = "";
				IPHONEOS_DEPLOYMENT_TARGET = 12.4;
				LD_RUNPATH_SEARCH_PATHS = (
					"$(inherited)",
					"@executable_path/Frameworks",
					"@executable_path/../../Frameworks",
				);
				MARKETING_VERSION = 1.0;
				MTL_FAST_MATH = YES;
				PRODUCT_BUNDLE_IDENTIFIER = org.reactjs.native.example.RelatedDigitalTestClient.RelatedDigitalNotificationService;
				PRODUCT_NAME = "$(TARGET_NAME)";
				SKIP_INSTALL = YES;
				SWIFT_EMIT_LOC_STRINGS = YES;
				SWIFT_OBJC_BRIDGING_HEADER = "RelatedDigitalNotificationService/RelatedDigitalNotificationService-Bridging-Header.h";
				SWIFT_VERSION = 5.0;
				TARGETED_DEVICE_FAMILY = "1,2";
			};
			name = Release;
		};
		8B8BC84828CA5DA0001383FC /* Debug */ = {
			isa = XCBuildConfiguration;
			baseConfigurationReference = 67CD20BB19D537FC7DA9FF37 /* Pods-RelatedDigitalNotificationContent.debug.xcconfig */;
			buildSettings = {
				CLANG_ANALYZER_NONNULL = YES;
				CLANG_ANALYZER_NUMBER_OBJECT_CONVERSION = YES_AGGRESSIVE;
				CLANG_CXX_LANGUAGE_STANDARD = "gnu++17";
				CLANG_ENABLE_MODULES = YES;
				CLANG_ENABLE_OBJC_WEAK = YES;
				CLANG_WARN_DOCUMENTATION_COMMENTS = YES;
				CLANG_WARN_UNGUARDED_AVAILABILITY = YES_AGGRESSIVE;
				CODE_SIGN_ENTITLEMENTS = RelatedDigitalNotificationContent/RelatedDigitalNotificationContent.entitlements;
				CODE_SIGN_STYLE = Automatic;
				CURRENT_PROJECT_VERSION = 1;
				DEBUG_INFORMATION_FORMAT = dwarf;
				DEVELOPMENT_TEAM = 5M383PCDJZ;
				GCC_C_LANGUAGE_STANDARD = gnu11;
				GENERATE_INFOPLIST_FILE = YES;
				INFOPLIST_FILE = RelatedDigitalNotificationContent/Info.plist;
				INFOPLIST_KEY_CFBundleDisplayName = RelatedDigitalNotificationContent;
				INFOPLIST_KEY_NSHumanReadableCopyright = "";
				IPHONEOS_DEPLOYMENT_TARGET = 11.0;
				LD_RUNPATH_SEARCH_PATHS = (
					"$(inherited)",
					"@executable_path/Frameworks",
					"@executable_path/../../Frameworks",
				);
				MARKETING_VERSION = 1.0;
				MTL_ENABLE_DEBUG_INFO = INCLUDE_SOURCE;
				MTL_FAST_MATH = YES;
				PRODUCT_BUNDLE_IDENTIFIER = org.reactjs.native.example.RelatedDigitalTestClient.RelatedDigitalNotificationContent;
				PRODUCT_NAME = "$(TARGET_NAME)";
				SKIP_INSTALL = YES;
				SWIFT_EMIT_LOC_STRINGS = YES;
				SWIFT_OBJC_BRIDGING_HEADER = "RelatedDigitalNotificationContent/RelatedDigitalNotificationContent-Bridging-Header.h";
				SWIFT_OPTIMIZATION_LEVEL = "-Onone";
				SWIFT_VERSION = 5.0;
				TARGETED_DEVICE_FAMILY = "1,2";
			};
			name = Debug;
		};
		8B8BC84928CA5DA0001383FC /* Release */ = {
			isa = XCBuildConfiguration;
			baseConfigurationReference = 6B5B94F35396FF22641BC001 /* Pods-RelatedDigitalNotificationContent.release.xcconfig */;
			buildSettings = {
				CLANG_ANALYZER_NONNULL = YES;
				CLANG_ANALYZER_NUMBER_OBJECT_CONVERSION = YES_AGGRESSIVE;
				CLANG_CXX_LANGUAGE_STANDARD = "gnu++17";
				CLANG_ENABLE_MODULES = YES;
				CLANG_ENABLE_OBJC_WEAK = YES;
				CLANG_WARN_DOCUMENTATION_COMMENTS = YES;
				CLANG_WARN_UNGUARDED_AVAILABILITY = YES_AGGRESSIVE;
				CODE_SIGN_ENTITLEMENTS = RelatedDigitalNotificationContent/RelatedDigitalNotificationContent.entitlements;
				CODE_SIGN_STYLE = Automatic;
				COPY_PHASE_STRIP = NO;
				CURRENT_PROJECT_VERSION = 1;
				DEBUG_INFORMATION_FORMAT = "dwarf-with-dsym";
				DEVELOPMENT_TEAM = 5M383PCDJZ;
				GCC_C_LANGUAGE_STANDARD = gnu11;
				GENERATE_INFOPLIST_FILE = YES;
				INFOPLIST_FILE = RelatedDigitalNotificationContent/Info.plist;
				INFOPLIST_KEY_CFBundleDisplayName = RelatedDigitalNotificationContent;
				INFOPLIST_KEY_NSHumanReadableCopyright = "";
				IPHONEOS_DEPLOYMENT_TARGET = 11.0;
				LD_RUNPATH_SEARCH_PATHS = (
					"$(inherited)",
					"@executable_path/Frameworks",
					"@executable_path/../../Frameworks",
				);
				MARKETING_VERSION = 1.0;
				MTL_FAST_MATH = YES;
				PRODUCT_BUNDLE_IDENTIFIER = org.reactjs.native.example.RelatedDigitalTestClient.RelatedDigitalNotificationContent;
				PRODUCT_NAME = "$(TARGET_NAME)";
				SKIP_INSTALL = YES;
				SWIFT_EMIT_LOC_STRINGS = YES;
				SWIFT_OBJC_BRIDGING_HEADER = "RelatedDigitalNotificationContent/RelatedDigitalNotificationContent-Bridging-Header.h";
				SWIFT_VERSION = 5.0;
				TARGETED_DEVICE_FAMILY = "1,2";
			};
			name = Release;
		};
/* End XCBuildConfiguration section */

/* Begin XCConfigurationList section */
		13B07F931A680F5B00A75B9A /* Build configuration list for PBXNativeTarget "RelatedDigitalTestClient" */ = {
			isa = XCConfigurationList;
			buildConfigurations = (
				13B07F941A680F5B00A75B9A /* Debug */,
				13B07F951A680F5B00A75B9A /* Release */,
			);
			defaultConfigurationIsVisible = 0;
			defaultConfigurationName = Release;
		};
		83CBB9FA1A601CBA00E9B192 /* Build configuration list for PBXProject "RelatedDigitalTestClient" */ = {
			isa = XCConfigurationList;
			buildConfigurations = (
				83CBBA201A601CBA00E9B192 /* Debug */,
				83CBBA211A601CBA00E9B192 /* Release */,
			);
			defaultConfigurationIsVisible = 0;
			defaultConfigurationName = Release;
		};
		8B8BC82D28CA5CC7001383FC /* Build configuration list for PBXNativeTarget "RelatedDigitalNotificationService" */ = {
			isa = XCConfigurationList;
			buildConfigurations = (
				8B8BC82E28CA5CC7001383FC /* Debug */,
				8B8BC82F28CA5CC7001383FC /* Release */,
			);
			defaultConfigurationIsVisible = 0;
			defaultConfigurationName = Release;
		};
		8B8BC84A28CA5DA0001383FC /* Build configuration list for PBXNativeTarget "RelatedDigitalNotificationContent" */ = {
			isa = XCConfigurationList;
			buildConfigurations = (
				8B8BC84828CA5DA0001383FC /* Debug */,
				8B8BC84928CA5DA0001383FC /* Release */,
			);
			defaultConfigurationIsVisible = 0;
			defaultConfigurationName = Release;
		};
/* End XCConfigurationList section */
	};
	rootObject = 83CBB9F71A601CBA00E9B192 /* Project object */;
}
